
Microsoft Visual Studio Solution File, Format Version 12.00
# Visual Studio 15
VisualStudioVersion = 15.0.28010.2003
MinimumVisualStudioVersion = 10.0.40219.1
Project("{FAE04EC0-301F-11D3-BF4B-00C04F79EFBC}") = "examer.entities", "examer.entities\examer.entities.csproj", "{074D5709-7BAA-448D-8B7B-3DC5AF98D093}"
EndProject
Global
	GlobalSection(SolutionConfigurationPlatforms) = preSolution
		Debug|Any CPU = Debug|Any CPU
		Release|Any CPU = Release|Any CPU
	EndGlobalSection
	GlobalSection(ProjectConfigurationPlatforms) = postSolution
		{074D5709-7BAA-448D-8B7B-3DC5AF98D093}.Debug|Any CPU.ActiveCfg = Debug|Any CPU
		{074D5709-7BAA-448D-8B7B-3DC5AF98D093}.Debug|Any CPU.Build.0 = Debug|Any CPU
		{074D5709-7BAA-448D-8B7B-3DC5AF98D093}.Release|Any CPU.ActiveCfg = Release|Any CPU
		{074D5709-7BAA-448D-8B7B-3DC5AF98D093}.Release|Any CPU.Build.0 = Release|Any CPU
	EndGlobalSection
	GlobalSection(SolutionProperties) = preSolution
		HideSolutionNode = FALSE
	EndGlobalSection
	GlobalSection(ExtensibilityGlobals) = postSolution
		SolutionGuid = {C7F24516-AC72-41C4-B538-0D1D42AE83DC}
	EndGlobalSection
EndGlobal
