
Microsoft Visual Studio Solution File, Format Version 12.00
# Visual Studio 15
VisualStudioVersion = 15.0.28010.2003
MinimumVisualStudioVersion = 10.0.40219.1
Project("{9A19103F-16F7-4668-BE54-9A1E7A4F7556}") = "examer.entities", "examer.entities\examer.entities.csproj", "{074D5709-7BAA-448D-8B7B-3DC5AF98D093}"
EndProject
Project("{2150E333-8FDC-42A3-9474-1A3956D46DE8}") = "script", "script", "{F91EACBB-39A9-4A6E-8489-1A63C1F02F51}"
	ProjectSection(SolutionItems) = preProject
		user.sql = user.sql
	EndProjectSection
EndProject
Project("{9A19103F-16F7-4668-BE54-9A1E7A4F7556}") = "examer.efcore", "examer.efcore\examer.efcore.csproj", "{6B4D4F0F-CCA8-45C5-8795-E01C4ECA7848}"
EndProject
Global
	GlobalSection(SolutionConfigurationPlatforms) = preSolution
		Debug|Any CPU = Debug|Any CPU
		Release|Any CPU = Release|Any CPU
	EndGlobalSection
	GlobalSection(ProjectConfigurationPlatforms) = postSolution
		{074D5709-7BAA-448D-8B7B-3DC5AF98D093}.Debug|Any CPU.ActiveCfg = Debug|Any CPU
		{074D5709-7BAA-448D-8B7B-3DC5AF98D093}.Debug|Any CPU.Build.0 = Debug|Any CPU
		{074D5709-7BAA-448D-8B7B-3DC5AF98D093}.Release|Any CPU.ActiveCfg = Release|Any CPU
		{074D5709-7BAA-448D-8B7B-3DC5AF98D093}.Release|Any CPU.Build.0 = Release|Any CPU
		{6B4D4F0F-CCA8-45C5-8795-E01C4ECA7848}.Debug|Any CPU.ActiveCfg = Debug|Any CPU
		{6B4D4F0F-CCA8-45C5-8795-E01C4ECA7848}.Debug|Any CPU.Build.0 = Debug|Any CPU
		{6B4D4F0F-CCA8-45C5-8795-E01C4ECA7848}.Release|Any CPU.ActiveCfg = Release|Any CPU
		{6B4D4F0F-CCA8-45C5-8795-E01C4ECA7848}.Release|Any CPU.Build.0 = Release|Any CPU
	EndGlobalSection
	GlobalSection(SolutionProperties) = preSolution
		HideSolutionNode = FALSE
	EndGlobalSection
	GlobalSection(ExtensibilityGlobals) = postSolution
		SolutionGuid = {C7F24516-AC72-41C4-B538-0D1D42AE83DC}
	EndGlobalSection
EndGlobal
